// !$*UTF8*$!
{
	archiveVersion = 1;
	classes = {
	};
	objectVersion = 46;
	objects = {

/* Begin PBXBuildFile section */
		6B43BE461E5EDF5C00400541 /* AppDelegate.swift in Sources */ = {isa = PBXBuildFile; fileRef = 6B43BE451E5EDF5C00400541 /* AppDelegate.swift */; };
		6B43BE481E5EDF5C00400541 /* ViewController.swift in Sources */ = {isa = PBXBuildFile; fileRef = 6B43BE471E5EDF5C00400541 /* ViewController.swift */; };
		6B43BE4B1E5EDF5D00400541 /* Main.storyboard in Resources */ = {isa = PBXBuildFile; fileRef = 6B43BE491E5EDF5D00400541 /* Main.storyboard */; };
		6B43BE4D1E5EDF5D00400541 /* Assets.xcassets in Resources */ = {isa = PBXBuildFile; fileRef = 6B43BE4C1E5EDF5D00400541 /* Assets.xcassets */; };
		6B43BE501E5EDF5D00400541 /* LaunchScreen.storyboard in Resources */ = {isa = PBXBuildFile; fileRef = 6B43BE4E1E5EDF5D00400541 /* LaunchScreen.storyboard */; };
/* End PBXBuildFile section */

/* Begin PBXFileReference section */
		6B43BE421E5EDF5C00400541 /* gitsample.app */ = {isa = PBXFileReference; explicitFileType = wrapper.application; includeInIndex = 0; path = gitsample.app; sourceTree = BUILT_PRODUCTS_DIR; };
		6B43BE451E5EDF5C00400541 /* AppDelegate.swift */ = {isa = PBXFileReference; lastKnownFileType = sourcecode.swift; path = AppDelegate.swift; sourceTree = "<group>"; };
		6B43BE471E5EDF5C00400541 /* ViewController.swift */ = {isa = PBXFileReference; lastKnownFileType = sourcecode.swift; path = ViewController.swift; sourceTree = "<group>"; };
		6B43BE4A1E5EDF5D00400541 /* Base */ = {isa = PBXFileReference; lastKnownFileType = file.storyboard; name = Base; path = Base.lproj/Main.storyboard; sourceTree = "<group>"; };
		6B43BE4C1E5EDF5D00400541 /* Assets.xcassets */ = {isa = PBXFileReference; lastKnownFileType = folder.assetcatalog; path = Assets.xcassets; sourceTree = "<group>"; };
		6B43BE4F1E5EDF5D00400541 /* Base */ = {isa = PBXFileReference; lastKnownFileType = file.storyboard; name = Base; path = Base.lproj/LaunchScreen.storyboard; sourceTree = "<group>"; };
		6B43BE511E5EDF5D00400541 /* Info.plist */ = {isa = PBXFileReference; lastKnownFileType = text.plist.xml; path = Info.plist; sourceTree = "<group>"; };
/* End PBXFileReference section */

/* Begin PBXFrameworksBuildPhase section */
		6B43BE3F1E5EDF5800400541 /* Frameworks */ = {
			isa = PBXFrameworksBuildPhase;
			buildActionMask = 2147483647;
			files = (
			);
			runOnlyForDeploymentPostprocessing = 0;
		};
/* End PBXFrameworksBuildPhase section */

/* Begin PBXGroup section */
		6B43BE391E5EDF5800400541 = {
			isa = PBXGroup;
			children = (
				6B43BE441E5EDF5C00400541 /* gitsample */,
				6B43BE431E5EDF5C00400541 /* Products */,
			);
			sourceTree = "<group>";
		};
		6B43BE431E5EDF5C00400541 /* Products */ = {
			isa = PBXGroup;
			children = (
				6B43BE421E5EDF5C00400541 /* gitsample.app */,
			);
			name = Products;
			sourceTree = "<group>";
		};
		6B43BE441E5EDF5C00400541 /* gitsample */ = {
			isa = PBXGroup;
			children = (
				6B43BE451E5EDF5C00400541 /* AppDelegate.swift */,
				6B43BE471E5EDF5C00400541 /* ViewController.swift */,
				6B43BE491E5EDF5D00400541 /* Main.storyboard */,
				6B43BE4C1E5EDF5D00400541 /* Assets.xcassets */,
				6B43BE4E1E5EDF5D00400541 /* LaunchScreen.storyboard */,
				6B43BE511E5EDF5D00400541 /* Info.plist */,
			);
			path = gitsample;
			sourceTree = "<group>";
		};
/* End PBXGroup section */

/* Begin PBXNativeTarget section */
		6B43BE411E5EDF5800400541 /* gitsample */ = {
			isa = PBXNativeTarget;
			buildConfigurationList = 6B43BE541E5EDF5D00400541 /* Build configuration list for PBXNativeTarget "gitsample" */;
			buildPhases = (
				6B43BE3E1E5EDF5800400541 /* Sources */,
				6B43BE3F1E5EDF5800400541 /* Frameworks */,
				6B43BE401E5EDF5800400541 /* Resources */,
			);
			buildRules = (
			);
			dependencies = (
			);
			name = gitsample;
			productName = gitsample;
			productReference = 6B43BE421E5EDF5C00400541 /* gitsample.app */;
			productType = "com.apple.product-type.application";
		};
/* End PBXNativeTarget section */

/* Begin PBXProject section */
		6B43BE3A1E5EDF5800400541 /* Project object */ = {
			isa = PBXProject;
			attributes = {
				LastSwiftUpdateCheck = 0820;
				LastUpgradeCheck = 0820;
				ORGANIZATIONNAME = Mindlabs;
				TargetAttributes = {
					6B43BE411E5EDF5800400541 = {
						CreatedOnToolsVersion = 8.2.1;
						DevelopmentTeam = 4E6UT3LUG4;
						ProvisioningStyle = Automatic;
					};
				};
			};
			buildConfigurationList = 6B43BE3D1E5EDF5800400541 /* Build configuration list for PBXProject "gitsample" */;
			compatibilityVersion = "Xcode 3.2";
			developmentRegion = English;
			hasScannedForEncodings = 0;
			knownRegions = (
				en,
				Base,
			);
			mainGroup = 6B43BE391E5EDF5800400541;
			productRefGroup = 6B43BE431E5EDF5C00400541 /* Products */;
			projectDirPath = "";
			projectRoot = "";
			targets = (
				6B43BE411E5EDF5800400541 /* gitsample */,
			);
		};
/* End PBXProject section */

/* Begin PBXResourcesBuildPhase section */
		6B43BE401E5EDF5800400541 /* Resources */ = {
			isa = PBXResourcesBuildPhase;
			buildActionMask = 2147483647;
			files = (
				6B43BE501E5EDF5D00400541 /* LaunchScreen.storyboard in Resources */,
				6B43BE4D1E5EDF5D00400541 /* Assets.xcassets in Resources */,
				6B43BE4B1E5EDF5D00400541 /* Main.storyboard in Resources */,
			);
			runOnlyForDeploymentPostprocessing = 0;
		};
/* End PBXResourcesBuildPhase section */

/* Begin PBXSourcesBuildPhase section */
		6B43BE3E1E5EDF5800400541 /* Sources */ = {
			isa = PBXSourcesBuildPhase;
			buildActionMask = 2147483647;
			files = (
				6B43BE481E5EDF5C00400541 /* ViewController.swift in Sources */,
				6B43BE461E5EDF5C00400541 /* AppDelegate.swift in Sources */,
			);
			runOnlyForDeploymentPostprocessing = 0;
		};
/* End PBXSourcesBuildPhase section */

/* Begin PBXVariantGroup section */
		6B43BE491E5EDF5D00400541 /* Main.storyboard */ = {
			isa = PBXVariantGroup;
			children = (
				6B43BE4A1E5EDF5D00400541 /* Base */,
			);
			name = Main.storyboard;
			sourceTree = "<group>";
		};
		6B43BE4E1E5EDF5D00400541 /* LaunchScreen.storyboard */ = {
			isa = PBXVariantGroup;
			children = (
				6B43BE4F1E5EDF5D00400541 /* Base */,
			);
			name = LaunchScreen.storyboard;
			sourceTree = "<group>";
		};
/* End PBXVariantGroup section */

/* Begin XCBuildConfiguration section */
		6B43BE521E5EDF5D00400541 /* Debug */ = {
			isa = XCBuildConfiguration;
			buildSettings = {
				ALWAYS_SEARCH_USER_PATHS = NO;
				CLANG_ANALYZER_NONNULL = YES;
				CLANG_CXX_LANGUAGE_STANDARD = "gnu++0x";
				CLANG_CXX_LIBRARY = "libc++";
				CLANG_ENABLE_MODULES = YES;
				CLANG_ENABLE_OBJC_ARC = YES;
				CLANG_WARN_BOOL_CONVERSION = YES;
				CLANG_WARN_CONSTANT_CONVERSION = YES;
				CLANG_WARN_DIRECT_OBJC_ISA_USAGE = YES_ERROR;
				CLANG_WARN_DOCUMENTATION_COMMENTS = YES;
				CLANG_WARN_EMPTY_BODY = YES;
				CLANG_WARN_ENUM_CONVERSION = YES;
				CLANG_WARN_INFINITE_RECURSION = YES;
				CLANG_WARN_INT_CONVERSION = YES;
				CLANG_WARN_OBJC_ROOT_CLASS = YES_ERROR;
				CLANG_WARN_SUSPICIOUS_MOVE = YES;
				CLANG_WARN_UNREACHABLE_CODE = YES;
				CLANG_WARN__DUPLICATE_METHOD_MATCH = YES;
				"CODE_SIGN_IDENTITY[sdk=iphoneos*]" = "iPhone Developer";
				COPY_PHASE_STRIP = NO;
				DEBUG_INFORMATION_FORMAT = dwarf;
				ENABLE_STRICT_OBJC_MSGSEND = YES;
				ENABLE_TESTABILITY = YES;
				GCC_C_LANGUAGE_STANDARD = gnu99;
				GCC_DYNAMIC_NO_PIC = NO;
				GCC_NO_COMMON_BLOCKS = YES;
				GCC_OPTIMIZATION_LEVEL = 0;
				GCC_PREPROCESSOR_DEFINITIONS = (
					"DEBUG=1",
					"$(inherited)",
				);
				GCC_WARN_64_TO_32_BIT_CONVERSION = YES;
				GCC_WARN_ABOUT_RETURN_TYPE = YES_ERROR;
				GCC_WARN_UNDECLARED_SELECTOR = YES;
				GCC_WARN_UNINITIALIZED_AUTOS = YES_AGGRESSIVE;
				GCC_WARN_UNUSED_FUNCTION = YES;
				GCC_WARN_UNUSED_VARIABLE = YES;
				IPHONEOS_DEPLOYMENT_TARGET = 10.2;
				MTL_ENABLE_DEBUG_INFO = YES;
				ONLY_ACTIVE_ARCH = YES;
				SDKROOT = iphoneos;
				SWIFT_ACTIVE_COMPILATION_CONDITIONS = DEBUG;
				SWIFT_OPTIMIZATION_LEVEL = "-Onone";
			};
			name = Debug;
		};
		6B43BE531E5EDF5D00400541 /* Release */ = {
			isa = XCBuildConfiguration;
			buildSettings = {
				ALWAYS_SEARCH_USER_PATHS = NO;
				CLANG_ANALYZER_NONNULL = YES;
				CLANG_CXX_LANGUAGE_STANDARD = "gnu++0x";
				CLANG_CXX_LIBRARY = "libc++";
				CLANG_ENABLE_MODULES = YES;
				CLANG_ENABLE_OBJC_ARC = YES;
				CLANG_WARN_BOOL_CONVERSION = YES;
				CLANG_WARN_CONSTANT_CONVERSION = YES;
				CLANG_WARN_DIRECT_OBJC_ISA_USAGE = YES_ERROR;
				CLANG_WARN_DOCUMENTATION_COMMENTS = YES;
				CLANG_WARN_EMPTY_BODY = YES;
				CLANG_WARN_ENUM_CONVERSION = YES;
				CLANG_WARN_INFINITE_RECURSION = YES;
				CLANG_WARN_INT_CONVERSION = YES;
				CLANG_WARN_OBJC_ROOT_CLASS = YES_ERROR;
				CLANG_WARN_SUSPICIOUS_MOVE = YES;
				CLANG_WARN_UNREACHABLE_CODE = YES;
				CLANG_WARN__DUPLICATE_METHOD_MATCH = YES;
				"CODE_SIGN_IDENTITY[sdk=iphoneos*]" = "iPhone Developer";
				COPY_PHASE_STRIP = NO;
				DEBUG_INFORMATION_FORMAT = "dwarf-with-dsym";
				ENABLE_NS_ASSERTIONS = NO;
				ENABLE_STRICT_OBJC_MSGSEND = YES;
				GCC_C_LANGUAGE_STANDARD = gnu99;
				GCC_NO_COMMON_BLOCKS = YES;
				GCC_WARN_64_TO_32_BIT_CONVERSION = YES;
				GCC_WARN_ABOUT_RETURN_TYPE = YES_ERROR;
				GCC_WARN_UNDECLARED_SELECTOR = YES;
				GCC_WARN_UNINITIALIZED_AUTOS = YES_AGGRESSIVE;
				GCC_WARN_UNUSED_FUNCTION = YES;
				GCC_WARN_UNUSED_VARIABLE = YES;
				IPHONEOS_DEPLOYMENT_TARGET = 10.2;
				MTL_ENABLE_DEBUG_INFO = NO;
				SDKROOT = iphoneos;
				SWIFT_OPTIMIZATION_LEVEL = "-Owholemodule";
				VALIDATE_PRODUCT = YES;
			};
			name = Release;
		};
		6B43BE551E5EDF5D00400541 /* Debug */ = {
			isa = XCBuildConfiguration;
			buildSettings = {
				ASSETCATALOG_COMPILER_APPICON_NAME = AppIcon;
				DEVELOPMENT_TEAM = 4E6UT3LUG4;
				INFOPLIST_FILE = gitsample/Info.plist;
				LD_RUNPATH_SEARCH_PATHS = "$(inherited) @executable_path/Frameworks";
				PRODUCT_BUNDLE_IDENTIFIER = com.mindlabs.gitsample;
				PRODUCT_NAME = "$(TARGET_NAME)";
				SWIFT_VERSION = 3.0;
			};
			name = Debug;
		};
		6B43BE561E5EDF5D00400541 /* Release */ = {
			isa = XCBuildConfiguration;
			buildSettings = {
				ASSETCATALOG_COMPILER_APPICON_NAME = AppIcon;
				DEVELOPMENT_TEAM = 4E6UT3LUG4;
				INFOPLIST_FILE = gitsample/Info.plist;
				LD_RUNPATH_SEARCH_PATHS = "$(inherited) @executable_path/Frameworks";
				PRODUCT_BUNDLE_IDENTIFIER = com.mindlabs.gitsample;
				PRODUCT_NAME = "$(TARGET_NAME)";
				SWIFT_VERSION = 3.0;
			};
			name = Release;
		};
/* End XCBuildConfiguration section */

/* Begin XCConfigurationList section */
		6B43BE3D1E5EDF5800400541 /* Build configuration list for PBXProject "gitsample" */ = {
			isa = XCConfigurationList;
			buildConfigurations = (
				6B43BE521E5EDF5D00400541 /* Debug */,
				6B43BE531E5EDF5D00400541 /* Release */,
			);
			defaultConfigurationIsVisible = 0;
			defaultConfigurationName = Release;
		};
		6B43BE541E5EDF5D00400541 /* Build configuration list for PBXNativeTarget "gitsample" */ = {
			isa = XCConfigurationList;
			buildConfigurations = (
				6B43BE551E5EDF5D00400541 /* Debug */,
				6B43BE561E5EDF5D00400541 /* Release */,
			);
			defaultConfigurationIsVisible = 0;
		};
/* End XCConfigurationList section */
	};
	rootObject = 6B43BE3A1E5EDF5800400541 /* Project object */;
}
